
Microsoft Visual Studio Solution File, Format Version 12.00
# Visual Studio Version 16
VisualStudioVersion = 16.0.31829.152
MinimumVisualStudioVersion = 10.0.40219.1
Project("{8BC9CEB8-8B4A-11D0-8D11-00A0C91BC942}") = "CudaRuntime1", "CudaRuntime1\CudaRuntime1.vcxproj", "{46F598A2-F417-4B3C-BC0B-FBBD11345CA1}"
EndProject
Global
	GlobalSection(SolutionConfigurationPlatforms) = preSolution
		Debug|x64 = Debug|x64
		Release|x64 = Release|x64
	EndGlobalSection
	GlobalSection(ProjectConfigurationPlatforms) = postSolution
		{46F598A2-F417-4B3C-BC0B-FBBD11345CA1}.Debug|x64.ActiveCfg = Debug|x64
		{46F598A2-F417-4B3C-BC0B-FBBD11345CA1}.Debug|x64.Build.0 = Debug|x64
		{46F598A2-F417-4B3C-BC0B-FBBD11345CA1}.Release|x64.ActiveCfg = Release|x64
		{46F598A2-F417-4B3C-BC0B-FBBD11345CA1}.Release|x64.Build.0 = Release|x64
	EndGlobalSection
	GlobalSection(SolutionProperties) = preSolution
		HideSolutionNode = FALSE
	EndGlobalSection
	GlobalSection(ExtensibilityGlobals) = postSolution
		SolutionGuid = {B16A590D-9B5B-4D9C-A550-0CD922B2CC4C}
	EndGlobalSection
EndGlobal
